
Microsoft Visual Studio Solution File, Format Version 12.00
# Visual Studio Version 17
VisualStudioVersion = 17.6.33723.286
MinimumVisualStudioVersion = 10.0.40219.1
Project("{FAE04EC0-301F-11D3-BF4B-00C04F79EFBC}") = "book", "book.csproj", "{93136501-D646-47EE-88B2-A1DC1213FE2A}"
EndProject
Global
	GlobalSection(SolutionConfigurationPlatforms) = preSolution
		Debug|Any CPU = Debug|Any CPU
		Release|Any CPU = Release|Any CPU
	EndGlobalSection
	GlobalSection(ProjectConfigurationPlatforms) = postSolution
		{93136501-D646-47EE-88B2-A1DC1213FE2A}.Debug|Any CPU.ActiveCfg = Debug|Any CPU
		{93136501-D646-47EE-88B2-A1DC1213FE2A}.Debug|Any CPU.Build.0 = Debug|Any CPU
		{93136501-D646-47EE-88B2-A1DC1213FE2A}.Release|Any CPU.ActiveCfg = Release|Any CPU
		{93136501-D646-47EE-88B2-A1DC1213FE2A}.Release|Any CPU.Build.0 = Release|Any CPU
	EndGlobalSection
	GlobalSection(SolutionProperties) = preSolution
		HideSolutionNode = FALSE
	EndGlobalSection
	GlobalSection(ExtensibilityGlobals) = postSolution
		SolutionGuid = {FEF0ABE8-7BF1-4DA6-8A43-97EF4150E1B8}
	EndGlobalSection
EndGlobal
